// !$*UTF8*$!
{
	archiveVersion = 1;
	classes = {
	};
	objectVersion = 46;
	objects = {

/* Begin PBXBuildFile section */
		F21AD6B31A102DD20053F555 /* FirebaseMutableArray.m in Sources */ = {isa = PBXBuildFile; fileRef = F21AD6B21A102DD20053F555 /* FirebaseMutableArray.m */; };
		F21AD6B71A1057050053F555 /* TestViewController.m in Sources */ = {isa = PBXBuildFile; fileRef = F21AD6B61A1057050053F555 /* TestViewController.m */; };
		F240ADF719F16DA6006D15ED /* UIKit.framework in Frameworks */ = {isa = PBXBuildFile; fileRef = F240ADF619F16DA6006D15ED /* UIKit.framework */; };
		F28A6DCE19F0888A00023213 /* Firebase.framework in Frameworks */ = {isa = PBXBuildFile; fileRef = F28A6DCD19F0888A00023213 /* Firebase.framework */; };
		F2D3D5CF19EF8A0D006F92E2 /* main.m in Sources */ = {isa = PBXBuildFile; fileRef = F2D3D5CE19EF8A0D006F92E2 /* main.m */; };
		F2D3D5D219EF8A0D006F92E2 /* AppDelegate.m in Sources */ = {isa = PBXBuildFile; fileRef = F2D3D5D119EF8A0D006F92E2 /* AppDelegate.m */; };
		F2D3D5DA19EF8A0D006F92E2 /* Images.xcassets in Resources */ = {isa = PBXBuildFile; fileRef = F2D3D5D919EF8A0D006F92E2 /* Images.xcassets */; };
		F2D3D5DD19EF8A0D006F92E2 /* LaunchScreen.xib in Resources */ = {isa = PBXBuildFile; fileRef = F2D3D5DB19EF8A0D006F92E2 /* LaunchScreen.xib */; };
		F2D3D5E919EF8A0D006F92E2 /* testTests.m in Sources */ = {isa = PBXBuildFile; fileRef = F2D3D5E819EF8A0D006F92E2 /* testTests.m */; };
		F2D3D5F319EF8C6A006F92E2 /* libicucore.dylib in Frameworks */ = {isa = PBXBuildFile; fileRef = F2D3D5F219EF8C6A006F92E2 /* libicucore.dylib */; };
		F2D3D5F519EF8C79006F92E2 /* libc++.dylib in Frameworks */ = {isa = PBXBuildFile; fileRef = F2D3D5F419EF8C79006F92E2 /* libc++.dylib */; };
		F2D3D5F719EF8C80006F92E2 /* CFNetwork.framework in Frameworks */ = {isa = PBXBuildFile; fileRef = F2D3D5F619EF8C80006F92E2 /* CFNetwork.framework */; };
		F2D3D5F919EF8C8A006F92E2 /* Security.framework in Frameworks */ = {isa = PBXBuildFile; fileRef = F2D3D5F819EF8C8A006F92E2 /* Security.framework */; };
		F2D3D5FB19EF8C96006F92E2 /* SystemConfiguration.framework in Frameworks */ = {isa = PBXBuildFile; fileRef = F2D3D5FA19EF8C96006F92E2 /* SystemConfiguration.framework */; };
/* End PBXBuildFile section */

/* Begin PBXContainerItemProxy section */
		F2D3D5E319EF8A0D006F92E2 /* PBXContainerItemProxy */ = {
			isa = PBXContainerItemProxy;
			containerPortal = F2D3D5C119EF8A0D006F92E2 /* Project object */;
			proxyType = 1;
			remoteGlobalIDString = F2D3D5C819EF8A0D006F92E2;
			remoteInfo = test;
		};
/* End PBXContainerItemProxy section */

/* Begin PBXFileReference section */
		F21AD6B21A102DD20053F555 /* FirebaseMutableArray.m */ = {isa = PBXFileReference; fileEncoding = 4; lastKnownFileType = sourcecode.c.objc; path = FirebaseMutableArray.m; sourceTree = "<group>"; };
		F21AD6B41A102DEA0053F555 /* FirebaseMutableArray.h */ = {isa = PBXFileReference; lastKnownFileType = sourcecode.c.h; path = FirebaseMutableArray.h; sourceTree = "<group>"; };
		F21AD6B51A1057050053F555 /* TestViewController.h */ = {isa = PBXFileReference; fileEncoding = 4; lastKnownFileType = sourcecode.c.h; path = TestViewController.h; sourceTree = "<group>"; };
		F21AD6B61A1057050053F555 /* TestViewController.m */ = {isa = PBXFileReference; fileEncoding = 4; lastKnownFileType = sourcecode.c.objc; path = TestViewController.m; sourceTree = "<group>"; };
		F240ADF619F16DA6006D15ED /* UIKit.framework */ = {isa = PBXFileReference; lastKnownFileType = wrapper.framework; name = UIKit.framework; path = System/Library/Frameworks/UIKit.framework; sourceTree = SDKROOT; };
		F28A6DCD19F0888A00023213 /* Firebase.framework */ = {isa = PBXFileReference; lastKnownFileType = wrapper.framework; name = Firebase.framework; path = ../../Firebase.framework; sourceTree = "<group>"; };
		F2D3D5C919EF8A0D006F92E2 /* test.app */ = {isa = PBXFileReference; explicitFileType = wrapper.application; includeInIndex = 0; path = test.app; sourceTree = BUILT_PRODUCTS_DIR; };
		F2D3D5CD19EF8A0D006F92E2 /* Info.plist */ = {isa = PBXFileReference; lastKnownFileType = text.plist.xml; path = Info.plist; sourceTree = "<group>"; };
		F2D3D5CE19EF8A0D006F92E2 /* main.m */ = {isa = PBXFileReference; lastKnownFileType = sourcecode.c.objc; path = main.m; sourceTree = "<group>"; };
		F2D3D5D019EF8A0D006F92E2 /* AppDelegate.h */ = {isa = PBXFileReference; lastKnownFileType = sourcecode.c.h; path = AppDelegate.h; sourceTree = "<group>"; };
		F2D3D5D119EF8A0D006F92E2 /* AppDelegate.m */ = {isa = PBXFileReference; lastKnownFileType = sourcecode.c.objc; path = AppDelegate.m; sourceTree = "<group>"; };
		F2D3D5D919EF8A0D006F92E2 /* Images.xcassets */ = {isa = PBXFileReference; lastKnownFileType = folder.assetcatalog; path = Images.xcassets; sourceTree = "<group>"; };
		F2D3D5DC19EF8A0D006F92E2 /* Base */ = {isa = PBXFileReference; lastKnownFileType = file.xib; name = Base; path = Base.lproj/LaunchScreen.xib; sourceTree = "<group>"; };
		F2D3D5E219EF8A0D006F92E2 /* testTests.xctest */ = {isa = PBXFileReference; explicitFileType = wrapper.cfbundle; includeInIndex = 0; path = testTests.xctest; sourceTree = BUILT_PRODUCTS_DIR; };
		F2D3D5E719EF8A0D006F92E2 /* Info.plist */ = {isa = PBXFileReference; lastKnownFileType = text.plist.xml; path = Info.plist; sourceTree = "<group>"; };
		F2D3D5E819EF8A0D006F92E2 /* testTests.m */ = {isa = PBXFileReference; lastKnownFileType = sourcecode.c.objc; path = testTests.m; sourceTree = "<group>"; };
		F2D3D5F219EF8C6A006F92E2 /* libicucore.dylib */ = {isa = PBXFileReference; lastKnownFileType = "compiled.mach-o.dylib"; name = libicucore.dylib; path = usr/lib/libicucore.dylib; sourceTree = SDKROOT; };
		F2D3D5F419EF8C79006F92E2 /* libc++.dylib */ = {isa = PBXFileReference; lastKnownFileType = "compiled.mach-o.dylib"; name = "libc++.dylib"; path = "usr/lib/libc++.dylib"; sourceTree = SDKROOT; };
		F2D3D5F619EF8C80006F92E2 /* CFNetwork.framework */ = {isa = PBXFileReference; lastKnownFileType = wrapper.framework; name = CFNetwork.framework; path = System/Library/Frameworks/CFNetwork.framework; sourceTree = SDKROOT; };
		F2D3D5F819EF8C8A006F92E2 /* Security.framework */ = {isa = PBXFileReference; lastKnownFileType = wrapper.framework; name = Security.framework; path = System/Library/Frameworks/Security.framework; sourceTree = SDKROOT; };
		F2D3D5FA19EF8C96006F92E2 /* SystemConfiguration.framework */ = {isa = PBXFileReference; lastKnownFileType = wrapper.framework; name = SystemConfiguration.framework; path = System/Library/Frameworks/SystemConfiguration.framework; sourceTree = SDKROOT; };
		F2D3D5FC19EF8CCC006F92E2 /* project.xcworkspace */ = {isa = PBXFileReference; lastKnownFileType = wrapper.workspace; name = project.xcworkspace; path = test.xcodeproj/project.xcworkspace; sourceTree = SOURCE_ROOT; };
/* End PBXFileReference section */

/* Begin PBXFrameworksBuildPhase section */
		F2D3D5C619EF8A0D006F92E2 /* Frameworks */ = {
			isa = PBXFrameworksBuildPhase;
			buildActionMask = 2147483647;
			files = (
				F240ADF719F16DA6006D15ED /* UIKit.framework in Frameworks */,
				F28A6DCE19F0888A00023213 /* Firebase.framework in Frameworks */,
				F2D3D5FB19EF8C96006F92E2 /* SystemConfiguration.framework in Frameworks */,
				F2D3D5F919EF8C8A006F92E2 /* Security.framework in Frameworks */,
				F2D3D5F719EF8C80006F92E2 /* CFNetwork.framework in Frameworks */,
				F2D3D5F519EF8C79006F92E2 /* libc++.dylib in Frameworks */,
				F2D3D5F319EF8C6A006F92E2 /* libicucore.dylib in Frameworks */,
			);
			runOnlyForDeploymentPostprocessing = 0;
		};
		F2D3D5DF19EF8A0D006F92E2 /* Frameworks */ = {
			isa = PBXFrameworksBuildPhase;
			buildActionMask = 2147483647;
			files = (
			);
			runOnlyForDeploymentPostprocessing = 0;
		};
/* End PBXFrameworksBuildPhase section */

/* Begin PBXGroup section */
		F2D3D5C019EF8A0D006F92E2 = {
			isa = PBXGroup;
			children = (
				F2D3D5CB19EF8A0D006F92E2 /* test */,
				F2D3D5E519EF8A0D006F92E2 /* testTests */,
				F2D3D5CA19EF8A0D006F92E2 /* Products */,
			);
			sourceTree = "<group>";
		};
		F2D3D5CA19EF8A0D006F92E2 /* Products */ = {
			isa = PBXGroup;
			children = (
				F2D3D5C919EF8A0D006F92E2 /* test.app */,
				F2D3D5E219EF8A0D006F92E2 /* testTests.xctest */,
			);
			name = Products;
			sourceTree = "<group>";
		};
		F2D3D5CB19EF8A0D006F92E2 /* test */ = {
			isa = PBXGroup;
			children = (
				F2D3D5CC19EF8A0D006F92E2 /* Supporting Files */,
				F21AD6B21A102DD20053F555 /* FirebaseMutableArray.m */,
				F21AD6B41A102DEA0053F555 /* FirebaseMutableArray.h */,
				F21AD6B51A1057050053F555 /* TestViewController.h */,
				F21AD6B61A1057050053F555 /* TestViewController.m */,
			);
			path = test;
			sourceTree = "<group>";
		};
		F2D3D5CC19EF8A0D006F92E2 /* Supporting Files */ = {
			isa = PBXGroup;
			children = (
				F240ADF619F16DA6006D15ED /* UIKit.framework */,
				F28A6DCD19F0888A00023213 /* Firebase.framework */,
				F2D3D5FC19EF8CCC006F92E2 /* project.xcworkspace */,
				F2D3D5FA19EF8C96006F92E2 /* SystemConfiguration.framework */,
				F2D3D5F819EF8C8A006F92E2 /* Security.framework */,
				F2D3D5F619EF8C80006F92E2 /* CFNetwork.framework */,
				F2D3D5F419EF8C79006F92E2 /* libc++.dylib */,
				F2D3D5F219EF8C6A006F92E2 /* libicucore.dylib */,
				F2D3D5DB19EF8A0D006F92E2 /* LaunchScreen.xib */,
				F2D3D5D919EF8A0D006F92E2 /* Images.xcassets */,
				F2D3D5D019EF8A0D006F92E2 /* AppDelegate.h */,
				F2D3D5D119EF8A0D006F92E2 /* AppDelegate.m */,
				F2D3D5CD19EF8A0D006F92E2 /* Info.plist */,
				F2D3D5CE19EF8A0D006F92E2 /* main.m */,
			);
			name = "Supporting Files";
			sourceTree = "<group>";
		};
		F2D3D5E519EF8A0D006F92E2 /* testTests */ = {
			isa = PBXGroup;
			children = (
				F2D3D5E819EF8A0D006F92E2 /* testTests.m */,
				F2D3D5E619EF8A0D006F92E2 /* Supporting Files */,
			);
			path = testTests;
			sourceTree = "<group>";
		};
		F2D3D5E619EF8A0D006F92E2 /* Supporting Files */ = {
			isa = PBXGroup;
			children = (
				F2D3D5E719EF8A0D006F92E2 /* Info.plist */,
			);
			name = "Supporting Files";
			sourceTree = "<group>";
		};
/* End PBXGroup section */

/* Begin PBXNativeTarget section */
		F2D3D5C819EF8A0D006F92E2 /* test */ = {
			isa = PBXNativeTarget;
			buildConfigurationList = F2D3D5EC19EF8A0D006F92E2 /* Build configuration list for PBXNativeTarget "test" */;
			buildPhases = (
				F2D3D5C519EF8A0D006F92E2 /* Sources */,
				F2D3D5C619EF8A0D006F92E2 /* Frameworks */,
				F2D3D5C719EF8A0D006F92E2 /* Resources */,
			);
			buildRules = (
			);
			dependencies = (
			);
			name = test;
			productName = test;
			productReference = F2D3D5C919EF8A0D006F92E2 /* test.app */;
			productType = "com.apple.product-type.application";
		};
		F2D3D5E119EF8A0D006F92E2 /* testTests */ = {
			isa = PBXNativeTarget;
			buildConfigurationList = F2D3D5EF19EF8A0D006F92E2 /* Build configuration list for PBXNativeTarget "testTests" */;
			buildPhases = (
				F2D3D5DE19EF8A0D006F92E2 /* Sources */,
				F2D3D5DF19EF8A0D006F92E2 /* Frameworks */,
				F2D3D5E019EF8A0D006F92E2 /* Resources */,
			);
			buildRules = (
			);
			dependencies = (
				F2D3D5E419EF8A0D006F92E2 /* PBXTargetDependency */,
			);
			name = testTests;
			productName = testTests;
			productReference = F2D3D5E219EF8A0D006F92E2 /* testTests.xctest */;
			productType = "com.apple.product-type.bundle.unit-test";
		};
/* End PBXNativeTarget section */

/* Begin PBXProject section */
		F2D3D5C119EF8A0D006F92E2 /* Project object */ = {
			isa = PBXProject;
			attributes = {
				LastUpgradeCheck = 0600;
				ORGANIZATIONNAME = "Hakon Hanesand";
				TargetAttributes = {
					F2D3D5C819EF8A0D006F92E2 = {
						CreatedOnToolsVersion = 6.0.1;
					};
					F2D3D5E119EF8A0D006F92E2 = {
						CreatedOnToolsVersion = 6.0.1;
						TestTargetID = F2D3D5C819EF8A0D006F92E2;
					};
				};
			};
			buildConfigurationList = F2D3D5C419EF8A0D006F92E2 /* Build configuration list for PBXProject "test" */;
			compatibilityVersion = "Xcode 3.2";
			developmentRegion = English;
			hasScannedForEncodings = 0;
			knownRegions = (
				en,
				Base,
			);
			mainGroup = F2D3D5C019EF8A0D006F92E2;
			productRefGroup = F2D3D5CA19EF8A0D006F92E2 /* Products */;
			projectDirPath = "";
			projectRoot = "";
			targets = (
				F2D3D5C819EF8A0D006F92E2 /* test */,
				F2D3D5E119EF8A0D006F92E2 /* testTests */,
			);
		};
/* End PBXProject section */

/* Begin PBXResourcesBuildPhase section */
		F2D3D5C719EF8A0D006F92E2 /* Resources */ = {
			isa = PBXResourcesBuildPhase;
			buildActionMask = 2147483647;
			files = (
				F2D3D5DD19EF8A0D006F92E2 /* LaunchScreen.xib in Resources */,
				F2D3D5DA19EF8A0D006F92E2 /* Images.xcassets in Resources */,
			);
			runOnlyForDeploymentPostprocessing = 0;
		};
		F2D3D5E019EF8A0D006F92E2 /* Resources */ = {
			isa = PBXResourcesBuildPhase;
			buildActionMask = 2147483647;
			files = (
			);
			runOnlyForDeploymentPostprocessing = 0;
		};
/* End PBXResourcesBuildPhase section */

/* Begin PBXSourcesBuildPhase section */
		F2D3D5C519EF8A0D006F92E2 /* Sources */ = {
			isa = PBXSourcesBuildPhase;
			buildActionMask = 2147483647;
			files = (
				F21AD6B71A1057050053F555 /* TestViewController.m in Sources */,
				F2D3D5D219EF8A0D006F92E2 /* AppDelegate.m in Sources */,
				F21AD6B31A102DD20053F555 /* FirebaseMutableArray.m in Sources */,
				F2D3D5CF19EF8A0D006F92E2 /* main.m in Sources */,
			);
			runOnlyForDeploymentPostprocessing = 0;
		};
		F2D3D5DE19EF8A0D006F92E2 /* Sources */ = {
			isa = PBXSourcesBuildPhase;
			buildActionMask = 2147483647;
			files = (
				F2D3D5E919EF8A0D006F92E2 /* testTests.m in Sources */,
			);
			runOnlyForDeploymentPostprocessing = 0;
		};
/* End PBXSourcesBuildPhase section */

/* Begin PBXTargetDependency section */
		F2D3D5E419EF8A0D006F92E2 /* PBXTargetDependency */ = {
			isa = PBXTargetDependency;
			target = F2D3D5C819EF8A0D006F92E2 /* test */;
			targetProxy = F2D3D5E319EF8A0D006F92E2 /* PBXContainerItemProxy */;
		};
/* End PBXTargetDependency section */

/* Begin PBXVariantGroup section */
		F2D3D5DB19EF8A0D006F92E2 /* LaunchScreen.xib */ = {
			isa = PBXVariantGroup;
			children = (
				F2D3D5DC19EF8A0D006F92E2 /* Base */,
			);
			name = LaunchScreen.xib;
			sourceTree = "<group>";
		};
/* End PBXVariantGroup section */

/* Begin XCBuildConfiguration section */
		F2D3D5EA19EF8A0D006F92E2 /* Debug */ = {
			isa = XCBuildConfiguration;
			buildSettings = {
				ALWAYS_SEARCH_USER_PATHS = NO;
				CLANG_CXX_LANGUAGE_STANDARD = "gnu++0x";
				CLANG_CXX_LIBRARY = "libc++";
				CLANG_ENABLE_MODULES = YES;
				CLANG_ENABLE_OBJC_ARC = YES;
				CLANG_WARN_BOOL_CONVERSION = YES;
				CLANG_WARN_CONSTANT_CONVERSION = YES;
				CLANG_WARN_DIRECT_OBJC_ISA_USAGE = YES_ERROR;
				CLANG_WARN_EMPTY_BODY = YES;
				CLANG_WARN_ENUM_CONVERSION = YES;
				CLANG_WARN_INT_CONVERSION = YES;
				CLANG_WARN_OBJC_ROOT_CLASS = YES_ERROR;
				CLANG_WARN_UNREACHABLE_CODE = YES;
				CLANG_WARN__DUPLICATE_METHOD_MATCH = YES;
				"CODE_SIGN_IDENTITY[sdk=iphoneos*]" = "iPhone Developer";
				COPY_PHASE_STRIP = NO;
				ENABLE_STRICT_OBJC_MSGSEND = YES;
				GCC_C_LANGUAGE_STANDARD = gnu99;
				GCC_DYNAMIC_NO_PIC = NO;
				GCC_OPTIMIZATION_LEVEL = 0;
				GCC_PREPROCESSOR_DEFINITIONS = (
					"DEBUG=1",
					"$(inherited)",
				);
				GCC_SYMBOLS_PRIVATE_EXTERN = NO;
				GCC_WARN_64_TO_32_BIT_CONVERSION = YES;
				GCC_WARN_ABOUT_RETURN_TYPE = YES_ERROR;
				GCC_WARN_UNDECLARED_SELECTOR = YES;
				GCC_WARN_UNINITIALIZED_AUTOS = YES_AGGRESSIVE;
				GCC_WARN_UNUSED_FUNCTION = YES;
				GCC_WARN_UNUSED_VARIABLE = YES;
				IPHONEOS_DEPLOYMENT_TARGET = 8.0;
				MTL_ENABLE_DEBUG_INFO = YES;
				ONLY_ACTIVE_ARCH = YES;
				SDKROOT = iphoneos;
			};
			name = Debug;
		};
		F2D3D5EB19EF8A0D006F92E2 /* Release */ = {
			isa = XCBuildConfiguration;
			buildSettings = {
				ALWAYS_SEARCH_USER_PATHS = NO;
				CLANG_CXX_LANGUAGE_STANDARD = "gnu++0x";
				CLANG_CXX_LIBRARY = "libc++";
				CLANG_ENABLE_MODULES = YES;
				CLANG_ENABLE_OBJC_ARC = YES;
				CLANG_WARN_BOOL_CONVERSION = YES;
				CLANG_WARN_CONSTANT_CONVERSION = YES;
				CLANG_WARN_DIRECT_OBJC_ISA_USAGE = YES_ERROR;
				CLANG_WARN_EMPTY_BODY = YES;
				CLANG_WARN_ENUM_CONVERSION = YES;
				CLANG_WARN_INT_CONVERSION = YES;
				CLANG_WARN_OBJC_ROOT_CLASS = YES_ERROR;
				CLANG_WARN_UNREACHABLE_CODE = YES;
				CLANG_WARN__DUPLICATE_METHOD_MATCH = YES;
				"CODE_SIGN_IDENTITY[sdk=iphoneos*]" = "iPhone Developer";
				COPY_PHASE_STRIP = YES;
				ENABLE_NS_ASSERTIONS = NO;
				ENABLE_STRICT_OBJC_MSGSEND = YES;
				GCC_C_LANGUAGE_STANDARD = gnu99;
				GCC_WARN_64_TO_32_BIT_CONVERSION = YES;
				GCC_WARN_ABOUT_RETURN_TYPE = YES_ERROR;
				GCC_WARN_UNDECLARED_SELECTOR = YES;
				GCC_WARN_UNINITIALIZED_AUTOS = YES_AGGRESSIVE;
				GCC_WARN_UNUSED_FUNCTION = YES;
				GCC_WARN_UNUSED_VARIABLE = YES;
				IPHONEOS_DEPLOYMENT_TARGET = 8.0;
				MTL_ENABLE_DEBUG_INFO = NO;
				SDKROOT = iphoneos;
				VALIDATE_PRODUCT = YES;
			};
			name = Release;
		};
		F2D3D5ED19EF8A0D006F92E2 /* Debug */ = {
			isa = XCBuildConfiguration;
			buildSettings = {
				ASSETCATALOG_COMPILER_APPICON_NAME = AppIcon;
				FRAMEWORK_SEARCH_PATHS = (
					"$(inherited)",
					/Users/Hakon_Hanesad/xCodeProjects,
					/Users/Hakon_Hanesad/xCodeProjects,
					/Users/Hakon_Hanesad/xCodeProjects,
				);
				INFOPLIST_FILE = test/Info.plist;
				LD_RUNPATH_SEARCH_PATHS = "$(inherited) @executable_path/Frameworks";
				OTHER_LDFLAGS = "-ObjC";
				PRODUCT_NAME = "$(TARGET_NAME)";
			};
			name = Debug;
		};
		F2D3D5EE19EF8A0D006F92E2 /* Release */ = {
			isa = XCBuildConfiguration;
			buildSettings = {
				ASSETCATALOG_COMPILER_APPICON_NAME = AppIcon;
				FRAMEWORK_SEARCH_PATHS = (
					"$(inherited)",
					/Users/Hakon_Hanesad/xCodeProjects,
					/Users/Hakon_Hanesad/xCodeProjects,
					/Users/Hakon_Hanesad/xCodeProjects,
				);
				INFOPLIST_FILE = test/Info.plist;
				LD_RUNPATH_SEARCH_PATHS = "$(inherited) @executable_path/Frameworks";
				OTHER_LDFLAGS = "-ObjC";
				PRODUCT_NAME = "$(TARGET_NAME)";
			};
			name = Release;
		};
		F2D3D5F019EF8A0D006F92E2 /* Debug */ = {
			isa = XCBuildConfiguration;
			buildSettings = {
				BUNDLE_LOADER = "$(TEST_HOST)";
				FRAMEWORK_SEARCH_PATHS = (
					"$(SDKROOT)/Developer/Library/Frameworks",
					"$(inherited)",
				);
				GCC_PREPROCESSOR_DEFINITIONS = (
					"DEBUG=1",
					"$(inherited)",
				);
				INFOPLIST_FILE = testTests/Info.plist;
				LD_RUNPATH_SEARCH_PATHS = "$(inherited) @executable_path/Frameworks @loader_path/Frameworks";
				PRODUCT_NAME = "$(TARGET_NAME)";
				TEST_HOST = "$(BUILT_PRODUCTS_DIR)/test.app/test";
			};
			name = Debug;
		};
		F2D3D5F119EF8A0D006F92E2 /* Release */ = {
			isa = XCBuildConfiguration;
			buildSettings = {
				BUNDLE_LOADER = "$(TEST_HOST)";
				FRAMEWORK_SEARCH_PATHS = (
					"$(SDKROOT)/Developer/Library/Frameworks",
					"$(inherited)",
				);
				INFOPLIST_FILE = testTests/Info.plist;
				LD_RUNPATH_SEARCH_PATHS = "$(inherited) @executable_path/Frameworks @loader_path/Frameworks";
				PRODUCT_NAME = "$(TARGET_NAME)";
				TEST_HOST = "$(BUILT_PRODUCTS_DIR)/test.app/test";
			};
			name = Release;
		};
/* End XCBuildConfiguration section */

/* Begin XCConfigurationList section */
		F2D3D5C419EF8A0D006F92E2 /* Build configuration list for PBXProject "test" */ = {
			isa = XCConfigurationList;
			buildConfigurations = (
				F2D3D5EA19EF8A0D006F92E2 /* Debug */,
				F2D3D5EB19EF8A0D006F92E2 /* Release */,
			);
			defaultConfigurationIsVisible = 0;
			defaultConfigurationName = Release;
		};
		F2D3D5EC19EF8A0D006F92E2 /* Build configuration list for PBXNativeTarget "test" */ = {
			isa = XCConfigurationList;
			buildConfigurations = (
				F2D3D5ED19EF8A0D006F92E2 /* Debug */,
				F2D3D5EE19EF8A0D006F92E2 /* Release */,
			);
			defaultConfigurationIsVisible = 0;
			defaultConfigurationName = Release;
		};
		F2D3D5EF19EF8A0D006F92E2 /* Build configuration list for PBXNativeTarget "testTests" */ = {
			isa = XCConfigurationList;
			buildConfigurations = (
				F2D3D5F019EF8A0D006F92E2 /* Debug */,
				F2D3D5F119EF8A0D006F92E2 /* Release */,
			);
			defaultConfigurationIsVisible = 0;
			defaultConfigurationName = Release;
		};
/* End XCConfigurationList section */
	};
	rootObject = F2D3D5C119EF8A0D006F92E2 /* Project object */;
}
